
Microsoft Visual Studio Solution File, Format Version 12.00
# Visual Studio Version 17
VisualStudioVersion = 17.2.32630.192
MinimumVisualStudioVersion = 10.0.40219.1
Project("{FAE04EC0-301F-11D3-BF4B-00C04F79EFBC}") = "User.API", "User.API\User.API.csproj", "{FB819C0D-FF14-48E1-8C9A-E7CC67DE40BC}"
EndProject
Global
	GlobalSection(SolutionConfigurationPlatforms) = preSolution
		Debug|Any CPU = Debug|Any CPU
		Release|Any CPU = Release|Any CPU
	EndGlobalSection
	GlobalSection(ProjectConfigurationPlatforms) = postSolution
		{FB819C0D-FF14-48E1-8C9A-E7CC67DE40BC}.Debug|Any CPU.ActiveCfg = Debug|Any CPU
		{FB819C0D-FF14-48E1-8C9A-E7CC67DE40BC}.Debug|Any CPU.Build.0 = Debug|Any CPU
		{FB819C0D-FF14-48E1-8C9A-E7CC67DE40BC}.Release|Any CPU.ActiveCfg = Release|Any CPU
		{FB819C0D-FF14-48E1-8C9A-E7CC67DE40BC}.Release|Any CPU.Build.0 = Release|Any CPU
	EndGlobalSection
	GlobalSection(SolutionProperties) = preSolution
		HideSolutionNode = FALSE
	EndGlobalSection
	GlobalSection(ExtensibilityGlobals) = postSolution
		SolutionGuid = {792A2AB5-D7FA-46AA-A316-1600AB6E989A}
	EndGlobalSection
EndGlobal
